
Microsoft Visual Studio Solution File, Format Version 12.00
# Visual Studio 15
VisualStudioVersion = 15.0.28010.2003
MinimumVisualStudioVersion = 10.0.40219.1
Project("{FAE04EC0-301F-11D3-BF4B-00C04F79EFBC}") = "MultiplicationTable", "MultiplicationTable.csproj", "{61B908B1-6819-48E0-8E86-03A8174292DB}"
EndProject
Global
	GlobalSection(SolutionConfigurationPlatforms) = preSolution
		Debug|Any CPU = Debug|Any CPU
		Release|Any CPU = Release|Any CPU
	EndGlobalSection
	GlobalSection(ProjectConfigurationPlatforms) = postSolution
		{61B908B1-6819-48E0-8E86-03A8174292DB}.Debug|Any CPU.ActiveCfg = Debug|Any CPU
		{61B908B1-6819-48E0-8E86-03A8174292DB}.Debug|Any CPU.Build.0 = Debug|Any CPU
		{61B908B1-6819-48E0-8E86-03A8174292DB}.Release|Any CPU.ActiveCfg = Release|Any CPU
		{61B908B1-6819-48E0-8E86-03A8174292DB}.Release|Any CPU.Build.0 = Release|Any CPU
	EndGlobalSection
	GlobalSection(SolutionProperties) = preSolution
		HideSolutionNode = FALSE
	EndGlobalSection
	GlobalSection(ExtensibilityGlobals) = postSolution
		SolutionGuid = {112AE7D2-25A5-48CB-BF72-7936D7973CC6}
	EndGlobalSection
EndGlobal
